
Microsoft Visual Studio Solution File, Format Version 12.00
# Visual Studio Version 17
VisualStudioVersion = 17.14.36401.2 d17.14
MinimumVisualStudioVersion = 10.0.40219.1
Project("{FAE04EC0-301F-11D3-BF4B-00C04F79EFBC}") = "DemoForms", "DemoForms\DemoForms.csproj", "{0C5C24B2-4B71-4DF3-87DC-67C10C33BD6C}"
EndProject
Project("{FAE04EC0-301F-11D3-BF4B-00C04F79EFBC}") = "DemoLib", "DemoLib\DemoLib.csproj", "{D01C1001-AE7E-450D-9D38-F7CE784E8389}"
EndProject
Global
	GlobalSection(SolutionConfigurationPlatforms) = preSolution
		Debug|Any CPU = Debug|Any CPU
		Release|Any CPU = Release|Any CPU
	EndGlobalSection
	GlobalSection(ProjectConfigurationPlatforms) = postSolution
		{0C5C24B2-4B71-4DF3-87DC-67C10C33BD6C}.Debug|Any CPU.ActiveCfg = Debug|Any CPU
		{0C5C24B2-4B71-4DF3-87DC-67C10C33BD6C}.Debug|Any CPU.Build.0 = Debug|Any CPU
		{0C5C24B2-4B71-4DF3-87DC-67C10C33BD6C}.Release|Any CPU.ActiveCfg = Release|Any CPU
		{0C5C24B2-4B71-4DF3-87DC-67C10C33BD6C}.Release|Any CPU.Build.0 = Release|Any CPU
		{D01C1001-AE7E-450D-9D38-F7CE784E8389}.Debug|Any CPU.ActiveCfg = Debug|Any CPU
		{D01C1001-AE7E-450D-9D38-F7CE784E8389}.Debug|Any CPU.Build.0 = Debug|Any CPU
		{D01C1001-AE7E-450D-9D38-F7CE784E8389}.Release|Any CPU.ActiveCfg = Release|Any CPU
		{D01C1001-AE7E-450D-9D38-F7CE784E8389}.Release|Any CPU.Build.0 = Release|Any CPU
	EndGlobalSection
	GlobalSection(SolutionProperties) = preSolution
		HideSolutionNode = FALSE
	EndGlobalSection
	GlobalSection(ExtensibilityGlobals) = postSolution
		SolutionGuid = {5FD2D954-0999-4583-A1D0-2BC01A76A013}
	EndGlobalSection
EndGlobal
